
Microsoft Visual Studio Solution File, Format Version 12.00
# Visual Studio Version 16
VisualStudioVersion = 16.0.29324.140
MinimumVisualStudioVersion = 10.0.40219.1
Project("{2150E333-8FDC-42A3-9474-1A3956D46DE8}") = "Solution Items", "Solution Items", "{C5205E22-BB5A-4A60-9E22-768BAB7BEA99}"
	ProjectSection(SolutionItems) = preProject
		LICENSE = LICENSE
		README.md = README.md
	EndProjectSection
EndProject
Project("{2150E333-8FDC-42A3-9474-1A3956D46DE8}") = "build", "build", "{49D8144B-EDD1-4A78-AD67-1C7FD236649C}"
	ProjectSection(SolutionItems) = preProject
		build\build.props = build\build.props
		build\package.props = build\package.props
	EndProjectSection
EndProject
Project("{9A19103F-16F7-4668-BE54-9A1E7A4F7556}") = "TestKitchen", "src\TestKitchen\TestKitchen.csproj", "{0B2F1C82-E3E9-4EE6-971A-618A573E6947}"
EndProject
Project("{9A19103F-16F7-4668-BE54-9A1E7A4F7556}") = "TestKitchen.TestAdapter", "src\TestKitchen.TestAdapter\TestKitchen.TestAdapter.csproj", "{7191734E-F931-49E0-8219-EC6A3960B04F}"
EndProject
Project("{9A19103F-16F7-4668-BE54-9A1E7A4F7556}") = "TestKitchen.TestAdapter.Tests", "test\TestKitchen.TestAdapter.Tests\TestKitchen.TestAdapter.Tests.csproj", "{078B777A-C1F6-4C77-B1D7-73BD630AA7C7}"
EndProject
Global
	GlobalSection(SolutionConfigurationPlatforms) = preSolution
		Debug|Any CPU = Debug|Any CPU
		Package|Any CPU = Package|Any CPU
		Release|Any CPU = Release|Any CPU
	EndGlobalSection
	GlobalSection(ProjectConfigurationPlatforms) = postSolution
		{0B2F1C82-E3E9-4EE6-971A-618A573E6947}.Debug|Any CPU.ActiveCfg = Debug|Any CPU
		{0B2F1C82-E3E9-4EE6-971A-618A573E6947}.Debug|Any CPU.Build.0 = Debug|Any CPU
		{0B2F1C82-E3E9-4EE6-971A-618A573E6947}.Package|Any CPU.ActiveCfg = Package|Any CPU
		{0B2F1C82-E3E9-4EE6-971A-618A573E6947}.Package|Any CPU.Build.0 = Package|Any CPU
		{0B2F1C82-E3E9-4EE6-971A-618A573E6947}.Release|Any CPU.ActiveCfg = Release|Any CPU
		{0B2F1C82-E3E9-4EE6-971A-618A573E6947}.Release|Any CPU.Build.0 = Release|Any CPU
		{7191734E-F931-49E0-8219-EC6A3960B04F}.Debug|Any CPU.ActiveCfg = Debug|Any CPU
		{7191734E-F931-49E0-8219-EC6A3960B04F}.Debug|Any CPU.Build.0 = Debug|Any CPU
		{7191734E-F931-49E0-8219-EC6A3960B04F}.Package|Any CPU.ActiveCfg = Package|Any CPU
		{7191734E-F931-49E0-8219-EC6A3960B04F}.Package|Any CPU.Build.0 = Package|Any CPU
		{7191734E-F931-49E0-8219-EC6A3960B04F}.Release|Any CPU.ActiveCfg = Release|Any CPU
		{7191734E-F931-49E0-8219-EC6A3960B04F}.Release|Any CPU.Build.0 = Release|Any CPU
		{078B777A-C1F6-4C77-B1D7-73BD630AA7C7}.Debug|Any CPU.ActiveCfg = Debug|Any CPU
		{078B777A-C1F6-4C77-B1D7-73BD630AA7C7}.Debug|Any CPU.Build.0 = Debug|Any CPU
		{078B777A-C1F6-4C77-B1D7-73BD630AA7C7}.Package|Any CPU.ActiveCfg = Debug|Any CPU
		{078B777A-C1F6-4C77-B1D7-73BD630AA7C7}.Package|Any CPU.Build.0 = Debug|Any CPU
		{078B777A-C1F6-4C77-B1D7-73BD630AA7C7}.Release|Any CPU.ActiveCfg = Release|Any CPU
		{078B777A-C1F6-4C77-B1D7-73BD630AA7C7}.Release|Any CPU.Build.0 = Release|Any CPU
	EndGlobalSection
	GlobalSection(SolutionProperties) = preSolution
		HideSolutionNode = FALSE
	EndGlobalSection
	GlobalSection(ExtensibilityGlobals) = postSolution
		SolutionGuid = {AC8151E3-E455-42AF-B3D6-1D2C9D00724A}
	EndGlobalSection
EndGlobal
